
Microsoft Visual Studio Solution File, Format Version 12.00
# Visual Studio Version 17
VisualStudioVersion = 17.3.32901.215
MinimumVisualStudioVersion = 10.0.40219.1
Project("{FAE04EC0-301F-11D3-BF4B-00C04F79EFBC}") = "ScreenSaverProject", "ScreenSaverProject\ScreenSaverProject.csproj", "{80278477-9CCF-4700-A773-8B3C9C5876B0}"
EndProject
Global
	GlobalSection(SolutionConfigurationPlatforms) = preSolution
		Debug|Any CPU = Debug|Any CPU
		Release|Any CPU = Release|Any CPU
	EndGlobalSection
	GlobalSection(ProjectConfigurationPlatforms) = postSolution
		{80278477-9CCF-4700-A773-8B3C9C5876B0}.Debug|Any CPU.ActiveCfg = Debug|Any CPU
		{80278477-9CCF-4700-A773-8B3C9C5876B0}.Debug|Any CPU.Build.0 = Debug|Any CPU
		{80278477-9CCF-4700-A773-8B3C9C5876B0}.Release|Any CPU.ActiveCfg = Release|Any CPU
		{80278477-9CCF-4700-A773-8B3C9C5876B0}.Release|Any CPU.Build.0 = Release|Any CPU
	EndGlobalSection
	GlobalSection(SolutionProperties) = preSolution
		HideSolutionNode = FALSE
	EndGlobalSection
	GlobalSection(ExtensibilityGlobals) = postSolution
		SolutionGuid = {B4E4157B-2CEE-4FC0-ACA1-DFC565476963}
	EndGlobalSection
EndGlobal
